
Microsoft Visual Studio Solution File, Format Version 12.00
# Visual Studio Version 16
VisualStudioVersion = 16.0.31624.102
MinimumVisualStudioVersion = 10.0.40219.1
Project("{FAE04EC0-301F-11D3-BF4B-00C04F79EFBC}") = "Inheritance", "Inheritance\Inheritance.csproj", "{C1639B6B-B445-462A-89EA-0C1D9BC07B4E}"
EndProject
Global
	GlobalSection(SolutionConfigurationPlatforms) = preSolution
		Debug|Any CPU = Debug|Any CPU
		Release|Any CPU = Release|Any CPU
	EndGlobalSection
	GlobalSection(ProjectConfigurationPlatforms) = postSolution
		{C1639B6B-B445-462A-89EA-0C1D9BC07B4E}.Debug|Any CPU.ActiveCfg = Debug|Any CPU
		{C1639B6B-B445-462A-89EA-0C1D9BC07B4E}.Debug|Any CPU.Build.0 = Debug|Any CPU
		{C1639B6B-B445-462A-89EA-0C1D9BC07B4E}.Release|Any CPU.ActiveCfg = Release|Any CPU
		{C1639B6B-B445-462A-89EA-0C1D9BC07B4E}.Release|Any CPU.Build.0 = Release|Any CPU
	EndGlobalSection
	GlobalSection(SolutionProperties) = preSolution
		HideSolutionNode = FALSE
	EndGlobalSection
	GlobalSection(ExtensibilityGlobals) = postSolution
		SolutionGuid = {4B830DE1-8406-4BCF-A7B1-AF54EA5898DD}
	EndGlobalSection
EndGlobal
