
Microsoft Visual Studio Solution File, Format Version 12.00
# Visual Studio Version 16
VisualStudioVersion = 16.0.31624.102
MinimumVisualStudioVersion = 10.0.40219.1
Project("{9A19103F-16F7-4668-BE54-9A1E7A4F7556}") = "Interfaces", "Interfaces\Interfaces.csproj", "{23E3F6BB-8F35-4030-A254-13D19D2F18A4}"
EndProject
Project("{FAE04EC0-301F-11D3-BF4B-00C04F79EFBC}") = "InterfacesDemo", "InterfacesDemo\InterfacesDemo.csproj", "{1E61D1EF-6427-4E02-8165-3DD9F670DD1F}"
EndProject
Global
	GlobalSection(SolutionConfigurationPlatforms) = preSolution
		Debug|Any CPU = Debug|Any CPU
		Release|Any CPU = Release|Any CPU
	EndGlobalSection
	GlobalSection(ProjectConfigurationPlatforms) = postSolution
		{23E3F6BB-8F35-4030-A254-13D19D2F18A4}.Debug|Any CPU.ActiveCfg = Debug|Any CPU
		{23E3F6BB-8F35-4030-A254-13D19D2F18A4}.Debug|Any CPU.Build.0 = Debug|Any CPU
		{23E3F6BB-8F35-4030-A254-13D19D2F18A4}.Release|Any CPU.ActiveCfg = Release|Any CPU
		{23E3F6BB-8F35-4030-A254-13D19D2F18A4}.Release|Any CPU.Build.0 = Release|Any CPU
		{1E61D1EF-6427-4E02-8165-3DD9F670DD1F}.Debug|Any CPU.ActiveCfg = Debug|Any CPU
		{1E61D1EF-6427-4E02-8165-3DD9F670DD1F}.Debug|Any CPU.Build.0 = Debug|Any CPU
		{1E61D1EF-6427-4E02-8165-3DD9F670DD1F}.Release|Any CPU.ActiveCfg = Release|Any CPU
		{1E61D1EF-6427-4E02-8165-3DD9F670DD1F}.Release|Any CPU.Build.0 = Release|Any CPU
	EndGlobalSection
	GlobalSection(SolutionProperties) = preSolution
		HideSolutionNode = FALSE
	EndGlobalSection
	GlobalSection(ExtensibilityGlobals) = postSolution
		SolutionGuid = {36EB2E27-7AFF-45C1-8731-3CCBFD5EFCDF}
	EndGlobalSection
EndGlobal
